
Microsoft Visual Studio Solution File, Format Version 12.00
# Visual Studio Version 17
VisualStudioVersion = 17.3.32901.215
MinimumVisualStudioVersion = 10.0.40219.1
Project("{FAE04EC0-301F-11D3-BF4B-00C04F79EFBC}") = "Car Management CAPractice", "Car Management CAPractice\Car Management CAPractice.csproj", "{27F3186F-00F8-405C-A4ED-42BA9796282F}"
EndProject
Global
	GlobalSection(SolutionConfigurationPlatforms) = preSolution
		Debug|Any CPU = Debug|Any CPU
		Release|Any CPU = Release|Any CPU
	EndGlobalSection
	GlobalSection(ProjectConfigurationPlatforms) = postSolution
		{27F3186F-00F8-405C-A4ED-42BA9796282F}.Debug|Any CPU.ActiveCfg = Debug|Any CPU
		{27F3186F-00F8-405C-A4ED-42BA9796282F}.Debug|Any CPU.Build.0 = Debug|Any CPU
		{27F3186F-00F8-405C-A4ED-42BA9796282F}.Release|Any CPU.ActiveCfg = Release|Any CPU
		{27F3186F-00F8-405C-A4ED-42BA9796282F}.Release|Any CPU.Build.0 = Release|Any CPU
	EndGlobalSection
	GlobalSection(SolutionProperties) = preSolution
		HideSolutionNode = FALSE
	EndGlobalSection
	GlobalSection(ExtensibilityGlobals) = postSolution
		SolutionGuid = {A9F50F4B-BF61-4746-859D-9B6227167424}
	EndGlobalSection
EndGlobal
