
Microsoft Visual Studio Solution File, Format Version 12.00
# Visual Studio Version 17
VisualStudioVersion = 17.3.32901.215
MinimumVisualStudioVersion = 10.0.40219.1
Project("{FAE04EC0-301F-11D3-BF4B-00C04F79EFBC}") = "Chess", "Chess\Chess.csproj", "{8C02ECF8-4B00-4C5A-9B1F-6714BE0958DA}"
EndProject
Global
	GlobalSection(SolutionConfigurationPlatforms) = preSolution
		Debug|Any CPU = Debug|Any CPU
		Release|Any CPU = Release|Any CPU
	EndGlobalSection
	GlobalSection(ProjectConfigurationPlatforms) = postSolution
		{8C02ECF8-4B00-4C5A-9B1F-6714BE0958DA}.Debug|Any CPU.ActiveCfg = Debug|Any CPU
		{8C02ECF8-4B00-4C5A-9B1F-6714BE0958DA}.Debug|Any CPU.Build.0 = Debug|Any CPU
		{8C02ECF8-4B00-4C5A-9B1F-6714BE0958DA}.Release|Any CPU.ActiveCfg = Release|Any CPU
		{8C02ECF8-4B00-4C5A-9B1F-6714BE0958DA}.Release|Any CPU.Build.0 = Release|Any CPU
	EndGlobalSection
	GlobalSection(SolutionProperties) = preSolution
		HideSolutionNode = FALSE
	EndGlobalSection
	GlobalSection(ExtensibilityGlobals) = postSolution
		SolutionGuid = {157D5CD6-611D-4A51-B149-2E0F452A4754}
	EndGlobalSection
EndGlobal
