
Microsoft Visual Studio Solution File, Format Version 12.00
# Visual Studio Version 17
VisualStudioVersion = 17.3.32901.215
MinimumVisualStudioVersion = 10.0.40219.1
Project("{FAE04EC0-301F-11D3-BF4B-00C04F79EFBC}") = "Basic Button App.Android", "Basic Button App\Basic Button App.Android\Basic Button App.Android.csproj", "{9891C85C-A53E-4C4F-BC9A-A9EB34BBE206}"
EndProject
Project("{FAE04EC0-301F-11D3-BF4B-00C04F79EFBC}") = "Basic Button App.iOS", "Basic Button App\Basic Button App.iOS\Basic Button App.iOS.csproj", "{EAC80FDC-2350-4D70-AEDC-228A3F83BCE3}"
EndProject
Project("{FAE04EC0-301F-11D3-BF4B-00C04F79EFBC}") = "Basic Button App", "Basic Button App\Basic Button App\Basic Button App.csproj", "{B36303E8-A4D9-43CD-A0B0-DB4A13C4064A}"
EndProject
Global
	GlobalSection(SolutionConfigurationPlatforms) = preSolution
		Debug|Any CPU = Debug|Any CPU
		Debug|iPhone = Debug|iPhone
		Debug|iPhoneSimulator = Debug|iPhoneSimulator
		Release|Any CPU = Release|Any CPU
		Release|iPhone = Release|iPhone
		Release|iPhoneSimulator = Release|iPhoneSimulator
	EndGlobalSection
	GlobalSection(ProjectConfigurationPlatforms) = postSolution
		{9891C85C-A53E-4C4F-BC9A-A9EB34BBE206}.Debug|Any CPU.ActiveCfg = Debug|Any CPU
		{9891C85C-A53E-4C4F-BC9A-A9EB34BBE206}.Debug|Any CPU.Build.0 = Debug|Any CPU
		{9891C85C-A53E-4C4F-BC9A-A9EB34BBE206}.Debug|Any CPU.Deploy.0 = Debug|Any CPU
		{9891C85C-A53E-4C4F-BC9A-A9EB34BBE206}.Debug|iPhone.ActiveCfg = Debug|Any CPU
		{9891C85C-A53E-4C4F-BC9A-A9EB34BBE206}.Debug|iPhone.Build.0 = Debug|Any CPU
		{9891C85C-A53E-4C4F-BC9A-A9EB34BBE206}.Debug|iPhone.Deploy.0 = Debug|Any CPU
		{9891C85C-A53E-4C4F-BC9A-A9EB34BBE206}.Debug|iPhoneSimulator.ActiveCfg = Debug|Any CPU
		{9891C85C-A53E-4C4F-BC9A-A9EB34BBE206}.Debug|iPhoneSimulator.Build.0 = Debug|Any CPU
		{9891C85C-A53E-4C4F-BC9A-A9EB34BBE206}.Debug|iPhoneSimulator.Deploy.0 = Debug|Any CPU
		{9891C85C-A53E-4C4F-BC9A-A9EB34BBE206}.Release|Any CPU.ActiveCfg = Release|Any CPU
		{9891C85C-A53E-4C4F-BC9A-A9EB34BBE206}.Release|Any CPU.Build.0 = Release|Any CPU
		{9891C85C-A53E-4C4F-BC9A-A9EB34BBE206}.Release|Any CPU.Deploy.0 = Release|Any CPU
		{9891C85C-A53E-4C4F-BC9A-A9EB34BBE206}.Release|iPhone.ActiveCfg = Release|Any CPU
		{9891C85C-A53E-4C4F-BC9A-A9EB34BBE206}.Release|iPhone.Build.0 = Release|Any CPU
		{9891C85C-A53E-4C4F-BC9A-A9EB34BBE206}.Release|iPhone.Deploy.0 = Release|Any CPU
		{9891C85C-A53E-4C4F-BC9A-A9EB34BBE206}.Release|iPhoneSimulator.ActiveCfg = Release|Any CPU
		{9891C85C-A53E-4C4F-BC9A-A9EB34BBE206}.Release|iPhoneSimulator.Build.0 = Release|Any CPU
		{9891C85C-A53E-4C4F-BC9A-A9EB34BBE206}.Release|iPhoneSimulator.Deploy.0 = Release|Any CPU
		{EAC80FDC-2350-4D70-AEDC-228A3F83BCE3}.Debug|Any CPU.ActiveCfg = Debug|iPhone
		{EAC80FDC-2350-4D70-AEDC-228A3F83BCE3}.Debug|Any CPU.Build.0 = Debug|iPhone
		{EAC80FDC-2350-4D70-AEDC-228A3F83BCE3}.Debug|Any CPU.Deploy.0 = Debug|iPhone
		{EAC80FDC-2350-4D70-AEDC-228A3F83BCE3}.Debug|iPhone.ActiveCfg = Debug|iPhone
		{EAC80FDC-2350-4D70-AEDC-228A3F83BCE3}.Debug|iPhone.Build.0 = Debug|iPhone
		{EAC80FDC-2350-4D70-AEDC-228A3F83BCE3}.Debug|iPhone.Deploy.0 = Debug|iPhone
		{EAC80FDC-2350-4D70-AEDC-228A3F83BCE3}.Debug|iPhoneSimulator.ActiveCfg = Debug|iPhoneSimulator
		{EAC80FDC-2350-4D70-AEDC-228A3F83BCE3}.Debug|iPhoneSimulator.Build.0 = Debug|iPhoneSimulator
		{EAC80FDC-2350-4D70-AEDC-228A3F83BCE3}.Debug|iPhoneSimulator.Deploy.0 = Debug|iPhoneSimulator
		{EAC80FDC-2350-4D70-AEDC-228A3F83BCE3}.Release|Any CPU.ActiveCfg = Release|iPhoneSimulator
		{EAC80FDC-2350-4D70-AEDC-228A3F83BCE3}.Release|Any CPU.Build.0 = Release|iPhoneSimulator
		{EAC80FDC-2350-4D70-AEDC-228A3F83BCE3}.Release|Any CPU.Deploy.0 = Release|iPhoneSimulator
		{EAC80FDC-2350-4D70-AEDC-228A3F83BCE3}.Release|iPhone.ActiveCfg = Release|iPhone
		{EAC80FDC-2350-4D70-AEDC-228A3F83BCE3}.Release|iPhone.Build.0 = Release|iPhone
		{EAC80FDC-2350-4D70-AEDC-228A3F83BCE3}.Release|iPhone.Deploy.0 = Release|iPhone
		{EAC80FDC-2350-4D70-AEDC-228A3F83BCE3}.Release|iPhoneSimulator.ActiveCfg = Release|iPhoneSimulator
		{EAC80FDC-2350-4D70-AEDC-228A3F83BCE3}.Release|iPhoneSimulator.Build.0 = Release|iPhoneSimulator
		{EAC80FDC-2350-4D70-AEDC-228A3F83BCE3}.Release|iPhoneSimulator.Deploy.0 = Release|iPhoneSimulator
		{B36303E8-A4D9-43CD-A0B0-DB4A13C4064A}.Debug|Any CPU.ActiveCfg = Debug|Any CPU
		{B36303E8-A4D9-43CD-A0B0-DB4A13C4064A}.Debug|Any CPU.Build.0 = Debug|Any CPU
		{B36303E8-A4D9-43CD-A0B0-DB4A13C4064A}.Debug|Any CPU.Deploy.0 = Debug|Any CPU
		{B36303E8-A4D9-43CD-A0B0-DB4A13C4064A}.Debug|iPhone.ActiveCfg = Debug|Any CPU
		{B36303E8-A4D9-43CD-A0B0-DB4A13C4064A}.Debug|iPhone.Build.0 = Debug|Any CPU
		{B36303E8-A4D9-43CD-A0B0-DB4A13C4064A}.Debug|iPhone.Deploy.0 = Debug|Any CPU
		{B36303E8-A4D9-43CD-A0B0-DB4A13C4064A}.Debug|iPhoneSimulator.ActiveCfg = Debug|Any CPU
		{B36303E8-A4D9-43CD-A0B0-DB4A13C4064A}.Debug|iPhoneSimulator.Build.0 = Debug|Any CPU
		{B36303E8-A4D9-43CD-A0B0-DB4A13C4064A}.Debug|iPhoneSimulator.Deploy.0 = Debug|Any CPU
		{B36303E8-A4D9-43CD-A0B0-DB4A13C4064A}.Release|Any CPU.ActiveCfg = Release|Any CPU
		{B36303E8-A4D9-43CD-A0B0-DB4A13C4064A}.Release|Any CPU.Build.0 = Release|Any CPU
		{B36303E8-A4D9-43CD-A0B0-DB4A13C4064A}.Release|Any CPU.Deploy.0 = Release|Any CPU
		{B36303E8-A4D9-43CD-A0B0-DB4A13C4064A}.Release|iPhone.ActiveCfg = Release|Any CPU
		{B36303E8-A4D9-43CD-A0B0-DB4A13C4064A}.Release|iPhone.Build.0 = Release|Any CPU
		{B36303E8-A4D9-43CD-A0B0-DB4A13C4064A}.Release|iPhone.Deploy.0 = Release|Any CPU
		{B36303E8-A4D9-43CD-A0B0-DB4A13C4064A}.Release|iPhoneSimulator.ActiveCfg = Release|Any CPU
		{B36303E8-A4D9-43CD-A0B0-DB4A13C4064A}.Release|iPhoneSimulator.Build.0 = Release|Any CPU
		{B36303E8-A4D9-43CD-A0B0-DB4A13C4064A}.Release|iPhoneSimulator.Deploy.0 = Release|Any CPU
	EndGlobalSection
	GlobalSection(SolutionProperties) = preSolution
		HideSolutionNode = FALSE
	EndGlobalSection
	GlobalSection(ExtensibilityGlobals) = postSolution
		SolutionGuid = {ADAD2F6A-9E86-41D8-960C-F61168A64D62}
	EndGlobalSection
EndGlobal
