
Microsoft Visual Studio Solution File, Format Version 12.00
# Visual Studio Version 17
VisualStudioVersion = 17.3.32901.215
MinimumVisualStudioVersion = 10.0.40219.1
Project("{FAE04EC0-301F-11D3-BF4B-00C04F79EFBC}") = "CA2Practice1", "CA2Practice1\CA2Practice1.csproj", "{1278D829-DE80-4B8B-BB4B-204A2EC42B6B}"
EndProject
Global
	GlobalSection(SolutionConfigurationPlatforms) = preSolution
		Debug|Any CPU = Debug|Any CPU
		Release|Any CPU = Release|Any CPU
	EndGlobalSection
	GlobalSection(ProjectConfigurationPlatforms) = postSolution
		{1278D829-DE80-4B8B-BB4B-204A2EC42B6B}.Debug|Any CPU.ActiveCfg = Debug|Any CPU
		{1278D829-DE80-4B8B-BB4B-204A2EC42B6B}.Debug|Any CPU.Build.0 = Debug|Any CPU
		{1278D829-DE80-4B8B-BB4B-204A2EC42B6B}.Release|Any CPU.ActiveCfg = Release|Any CPU
		{1278D829-DE80-4B8B-BB4B-204A2EC42B6B}.Release|Any CPU.Build.0 = Release|Any CPU
	EndGlobalSection
	GlobalSection(SolutionProperties) = preSolution
		HideSolutionNode = FALSE
	EndGlobalSection
	GlobalSection(ExtensibilityGlobals) = postSolution
		SolutionGuid = {093DA034-5CE3-499E-9475-454D7CC4BFDD}
	EndGlobalSection
EndGlobal
