
Microsoft Visual Studio Solution File, Format Version 12.00
# Visual Studio Version 17
VisualStudioVersion = 17.3.32901.215
MinimumVisualStudioVersion = 10.0.40219.1
Project("{9A19103F-16F7-4668-BE54-9A1E7A4F7556}") = "ThreeDShapes", "ThreeDShapes.csproj", "{72239C21-D992-4A7E-839A-DC5EFB4430C1}"
EndProject
Global
	GlobalSection(SolutionConfigurationPlatforms) = preSolution
		Debug|Any CPU = Debug|Any CPU
		Release|Any CPU = Release|Any CPU
	EndGlobalSection
	GlobalSection(ProjectConfigurationPlatforms) = postSolution
		{72239C21-D992-4A7E-839A-DC5EFB4430C1}.Debug|Any CPU.ActiveCfg = Debug|Any CPU
		{72239C21-D992-4A7E-839A-DC5EFB4430C1}.Debug|Any CPU.Build.0 = Debug|Any CPU
		{72239C21-D992-4A7E-839A-DC5EFB4430C1}.Release|Any CPU.ActiveCfg = Release|Any CPU
		{72239C21-D992-4A7E-839A-DC5EFB4430C1}.Release|Any CPU.Build.0 = Release|Any CPU
	EndGlobalSection
	GlobalSection(SolutionProperties) = preSolution
		HideSolutionNode = FALSE
	EndGlobalSection
	GlobalSection(ExtensibilityGlobals) = postSolution
		SolutionGuid = {969939B0-1C37-4BD6-8DE0-568E1401A241}
	EndGlobalSection
EndGlobal
