
Microsoft Visual Studio Solution File, Format Version 12.00
# Visual Studio Version 17
VisualStudioVersion = 17.3.32901.215
MinimumVisualStudioVersion = 10.0.40219.1
Project("{FAE04EC0-301F-11D3-BF4B-00C04F79EFBC}") = "Exerise1", "Exerise1\Exerise1.csproj", "{99BD9733-0451-40E5-902C-19C470D12776}"
EndProject
Global
	GlobalSection(SolutionConfigurationPlatforms) = preSolution
		Debug|Any CPU = Debug|Any CPU
		Release|Any CPU = Release|Any CPU
	EndGlobalSection
	GlobalSection(ProjectConfigurationPlatforms) = postSolution
		{99BD9733-0451-40E5-902C-19C470D12776}.Debug|Any CPU.ActiveCfg = Debug|Any CPU
		{99BD9733-0451-40E5-902C-19C470D12776}.Debug|Any CPU.Build.0 = Debug|Any CPU
		{99BD9733-0451-40E5-902C-19C470D12776}.Release|Any CPU.ActiveCfg = Release|Any CPU
		{99BD9733-0451-40E5-902C-19C470D12776}.Release|Any CPU.Build.0 = Release|Any CPU
	EndGlobalSection
	GlobalSection(SolutionProperties) = preSolution
		HideSolutionNode = FALSE
	EndGlobalSection
	GlobalSection(ExtensibilityGlobals) = postSolution
		SolutionGuid = {24EF78AF-FD9C-41D7-AEB5-848D582232C2}
	EndGlobalSection
EndGlobal
